
Microsoft Visual Studio Solution File, Format Version 12.00
# Visual Studio Version 17
VisualStudioVersion = 17.6.33829.357
MinimumVisualStudioVersion = 10.0.40219.1
Project("{FAE04EC0-301F-11D3-BF4B-00C04F79EFBC}") = "Apartment-Reservation-System", "Apartment-Reservation-System.csproj", "{6A82B5E1-370A-4D6E-A781-D2CFC56469B0}"
EndProject
Global
	GlobalSection(SolutionConfigurationPlatforms) = preSolution
		Debug|Any CPU = Debug|Any CPU
		Release|Any CPU = Release|Any CPU
	EndGlobalSection
	GlobalSection(ProjectConfigurationPlatforms) = postSolution
		{6A82B5E1-370A-4D6E-A781-D2CFC56469B0}.Debug|Any CPU.ActiveCfg = Debug|Any CPU
		{6A82B5E1-370A-4D6E-A781-D2CFC56469B0}.Debug|Any CPU.Build.0 = Debug|Any CPU
		{6A82B5E1-370A-4D6E-A781-D2CFC56469B0}.Release|Any CPU.ActiveCfg = Release|Any CPU
		{6A82B5E1-370A-4D6E-A781-D2CFC56469B0}.Release|Any CPU.Build.0 = Release|Any CPU
	EndGlobalSection
	GlobalSection(SolutionProperties) = preSolution
		HideSolutionNode = FALSE
	EndGlobalSection
	GlobalSection(ExtensibilityGlobals) = postSolution
		SolutionGuid = {ABCFF862-C659-4D03-8FC8-FEEDCDF3CA25}
	EndGlobalSection
EndGlobal
